// !$*UTF8*$!
{
	archiveVersion = 1;
	classes = {
	};
	objectVersion = 46;
	objects = {

/* Begin PBXBuildFile section */
		340687551E31744500B5B0E2 /* RegisterErrors.swift in Sources */ = {isa = PBXBuildFile; fileRef = 340687541E31744500B5B0E2 /* RegisterErrors.swift */; };
		340687581E31782D00B5B0E2 /* Result.swift in Sources */ = {isa = PBXBuildFile; fileRef = 340687571E31782D00B5B0E2 /* Result.swift */; };
		3406875A1E3178BC00B5B0E2 /* RequestError.swift in Sources */ = {isa = PBXBuildFile; fileRef = 340687591E3178BC00B5B0E2 /* RequestError.swift */; };
		341B09271E310EA6009DFC9A /* User.swift in Sources */ = {isa = PBXBuildFile; fileRef = 341B09261E310EA6009DFC9A /* User.swift */; };
		341B092E1E311214009DFC9A /* AuthenticationGateway.swift in Sources */ = {isa = PBXBuildFile; fileRef = 341B092D1E311214009DFC9A /* AuthenticationGateway.swift */; };
		341B09311E3113E3009DFC9A /* AuthenticationGatewayStub.swift in Sources */ = {isa = PBXBuildFile; fileRef = 341B09301E3113E3009DFC9A /* AuthenticationGatewayStub.swift */; };
		3449A3331E304A8D005A6755 /* AppDelegate.swift in Sources */ = {isa = PBXBuildFile; fileRef = 3449A3321E304A8D005A6755 /* AppDelegate.swift */; };
		3449A33A1E304A8D005A6755 /* Assets.xcassets in Resources */ = {isa = PBXBuildFile; fileRef = 3449A3391E304A8D005A6755 /* Assets.xcassets */; };
		3449A33D1E304A8D005A6755 /* LaunchScreen.storyboard in Resources */ = {isa = PBXBuildFile; fileRef = 3449A33B1E304A8D005A6755 /* LaunchScreen.storyboard */; };
		3449A3581E304D36005A6755 /* RegisterUserUsecaseTests.swift in Sources */ = {isa = PBXBuildFile; fileRef = 3449A3571E304D36005A6755 /* RegisterUserUsecaseTests.swift */; };
		34B1962E1E305AFE009587C8 /* RegisterUserUsecase.swift in Sources */ = {isa = PBXBuildFile; fileRef = 34B1962D1E305AFE009587C8 /* RegisterUserUsecase.swift */; };
		34B196311E305B1B009587C8 /* RegisterUserPresenter.swift in Sources */ = {isa = PBXBuildFile; fileRef = 34B196301E305B1B009587C8 /* RegisterUserPresenter.swift */; };
		34B196351E305B43009587C8 /* RegisterUserPresenterStub.swift in Sources */ = {isa = PBXBuildFile; fileRef = 34B196341E305B43009587C8 /* RegisterUserPresenterStub.swift */; };
/* End PBXBuildFile section */

/* Begin PBXContainerItemProxy section */
		3449A3441E304A8D005A6755 /* PBXContainerItemProxy */ = {
			isa = PBXContainerItemProxy;
			containerPortal = 3449A3271E304A8D005A6755 /* Project object */;
			proxyType = 1;
			remoteGlobalIDString = 3449A32E1E304A8D005A6755;
			remoteInfo = Birthtalk;
		};
/* End PBXContainerItemProxy section */

/* Begin PBXFileReference section */
		340687541E31744500B5B0E2 /* RegisterErrors.swift */ = {isa = PBXFileReference; fileEncoding = 4; lastKnownFileType = sourcecode.swift; path = RegisterErrors.swift; sourceTree = "<group>"; };
		340687571E31782D00B5B0E2 /* Result.swift */ = {isa = PBXFileReference; fileEncoding = 4; lastKnownFileType = sourcecode.swift; path = Result.swift; sourceTree = "<group>"; };
		340687591E3178BC00B5B0E2 /* RequestError.swift */ = {isa = PBXFileReference; fileEncoding = 4; lastKnownFileType = sourcecode.swift; path = RequestError.swift; sourceTree = "<group>"; };
		341B09261E310EA6009DFC9A /* User.swift */ = {isa = PBXFileReference; fileEncoding = 4; lastKnownFileType = sourcecode.swift; path = User.swift; sourceTree = "<group>"; };
		341B092D1E311214009DFC9A /* AuthenticationGateway.swift */ = {isa = PBXFileReference; fileEncoding = 4; lastKnownFileType = sourcecode.swift; path = AuthenticationGateway.swift; sourceTree = "<group>"; };
		341B09301E3113E3009DFC9A /* AuthenticationGatewayStub.swift */ = {isa = PBXFileReference; fileEncoding = 4; lastKnownFileType = sourcecode.swift; path = AuthenticationGatewayStub.swift; sourceTree = "<group>"; };
		3449A32F1E304A8D005A6755 /* Birthtalk.app */ = {isa = PBXFileReference; explicitFileType = wrapper.application; includeInIndex = 0; path = Birthtalk.app; sourceTree = BUILT_PRODUCTS_DIR; };
		3449A3321E304A8D005A6755 /* AppDelegate.swift */ = {isa = PBXFileReference; lastKnownFileType = sourcecode.swift; path = AppDelegate.swift; sourceTree = "<group>"; };
		3449A3391E304A8D005A6755 /* Assets.xcassets */ = {isa = PBXFileReference; lastKnownFileType = folder.assetcatalog; path = Assets.xcassets; sourceTree = "<group>"; };
		3449A33C1E304A8D005A6755 /* Base */ = {isa = PBXFileReference; lastKnownFileType = file.storyboard; name = Base; path = Base.lproj/LaunchScreen.storyboard; sourceTree = "<group>"; };
		3449A33E1E304A8D005A6755 /* Info.plist */ = {isa = PBXFileReference; lastKnownFileType = text.plist.xml; path = Info.plist; sourceTree = "<group>"; };
		3449A3431E304A8D005A6755 /* BirthtalkTests.xctest */ = {isa = PBXFileReference; explicitFileType = wrapper.cfbundle; includeInIndex = 0; path = BirthtalkTests.xctest; sourceTree = BUILT_PRODUCTS_DIR; };
		3449A3491E304A8E005A6755 /* Info.plist */ = {isa = PBXFileReference; lastKnownFileType = text.plist.xml; path = Info.plist; sourceTree = "<group>"; };
		3449A3571E304D36005A6755 /* RegisterUserUsecaseTests.swift */ = {isa = PBXFileReference; fileEncoding = 4; lastKnownFileType = sourcecode.swift; path = RegisterUserUsecaseTests.swift; sourceTree = "<group>"; };
		34B1962D1E305AFE009587C8 /* RegisterUserUsecase.swift */ = {isa = PBXFileReference; fileEncoding = 4; lastKnownFileType = sourcecode.swift; lineEnding = 0; path = RegisterUserUsecase.swift; sourceTree = "<group>"; xcLanguageSpecificationIdentifier = xcode.lang.swift; };
		34B196301E305B1B009587C8 /* RegisterUserPresenter.swift */ = {isa = PBXFileReference; fileEncoding = 4; lastKnownFileType = sourcecode.swift; lineEnding = 0; path = RegisterUserPresenter.swift; sourceTree = "<group>"; xcLanguageSpecificationIdentifier = xcode.lang.swift; };
		34B196341E305B43009587C8 /* RegisterUserPresenterStub.swift */ = {isa = PBXFileReference; fileEncoding = 4; lastKnownFileType = sourcecode.swift; lineEnding = 0; path = RegisterUserPresenterStub.swift; sourceTree = "<group>"; xcLanguageSpecificationIdentifier = xcode.lang.swift; };
/* End PBXFileReference section */

/* Begin PBXFrameworksBuildPhase section */
		3449A32C1E304A8D005A6755 /* Frameworks */ = {
			isa = PBXFrameworksBuildPhase;
			buildActionMask = 2147483647;
			files = (
			);
			runOnlyForDeploymentPostprocessing = 0;
		};
		3449A3401E304A8D005A6755 /* Frameworks */ = {
			isa = PBXFrameworksBuildPhase;
			buildActionMask = 2147483647;
			files = (
			);
			runOnlyForDeploymentPostprocessing = 0;
		};
/* End PBXFrameworksBuildPhase section */

/* Begin PBXGroup section */
		340687561E31782000B5B0E2 /* Commons */ = {
			isa = PBXGroup;
			children = (
				340687591E3178BC00B5B0E2 /* RequestError.swift */,
				340687571E31782D00B5B0E2 /* Result.swift */,
			);
			path = Commons;
			sourceTree = "<group>";
		};
		341B09251E310E97009DFC9A /* Entities */ = {
			isa = PBXGroup;
			children = (
				340687541E31744500B5B0E2 /* RegisterErrors.swift */,
				341B09261E310EA6009DFC9A /* User.swift */,
			);
			path = Entities;
			sourceTree = "<group>";
		};
		341B092C1E311209009DFC9A /* Gateways */ = {
			isa = PBXGroup;
			children = (
				341B092D1E311214009DFC9A /* AuthenticationGateway.swift */,
			);
			path = Gateways;
			sourceTree = "<group>";
		};
		341B092F1E3113D4009DFC9A /* Gateways */ = {
			isa = PBXGroup;
			children = (
				341B09301E3113E3009DFC9A /* AuthenticationGatewayStub.swift */,
			);
			path = Gateways;
			sourceTree = "<group>";
		};
		3449A3261E304A8D005A6755 = {
			isa = PBXGroup;
			children = (
				3449A3311E304A8D005A6755 /* Birthtalk */,
				3449A3461E304A8E005A6755 /* BirthtalkTests */,
				3449A3301E304A8D005A6755 /* Products */,
			);
			sourceTree = "<group>";
		};
		3449A3301E304A8D005A6755 /* Products */ = {
			isa = PBXGroup;
			children = (
				3449A32F1E304A8D005A6755 /* Birthtalk.app */,
				3449A3431E304A8D005A6755 /* BirthtalkTests.xctest */,
			);
			name = Products;
			sourceTree = "<group>";
		};
		3449A3311E304A8D005A6755 /* Birthtalk */ = {
			isa = PBXGroup;
			children = (
				34B1962B1E305AEB009587C8 /* Authentications */,
				3449A3521E304B56005A6755 /* Base */,
				340687561E31782000B5B0E2 /* Commons */,
			);
			path = Birthtalk;
			sourceTree = "<group>";
		};
		3449A3461E304A8E005A6755 /* BirthtalkTests */ = {
			isa = PBXGroup;
			children = (
				3449A3551E304CED005A6755 /* Authentications */,
				3449A3531E304B5C005A6755 /* Base */,
			);
			path = BirthtalkTests;
			sourceTree = "<group>";
		};
		3449A3521E304B56005A6755 /* Base */ = {
			isa = PBXGroup;
			children = (
				3449A3321E304A8D005A6755 /* AppDelegate.swift */,
				3449A3391E304A8D005A6755 /* Assets.xcassets */,
				3449A33E1E304A8D005A6755 /* Info.plist */,
				3449A33B1E304A8D005A6755 /* LaunchScreen.storyboard */,
			);
			path = Base;
			sourceTree = "<group>";
		};
		3449A3531E304B5C005A6755 /* Base */ = {
			isa = PBXGroup;
			children = (
				3449A3491E304A8E005A6755 /* Info.plist */,
			);
			path = Base;
			sourceTree = "<group>";
		};
		3449A3551E304CED005A6755 /* Authentications */ = {
			isa = PBXGroup;
			children = (
				34B196321E305B32009587C8 /* Mocks */,
				3449A3561E304D00005A6755 /* Usecases */,
			);
			path = Authentications;
			sourceTree = "<group>";
		};
		3449A3561E304D00005A6755 /* Usecases */ = {
			isa = PBXGroup;
			children = (
				3449A3571E304D36005A6755 /* RegisterUserUsecaseTests.swift */,
			);
			path = Usecases;
			sourceTree = "<group>";
		};
		34B1962B1E305AEB009587C8 /* Authentications */ = {
			isa = PBXGroup;
			children = (
				341B09251E310E97009DFC9A /* Entities */,
				341B092C1E311209009DFC9A /* Gateways */,
				34B1962F1E305B0D009587C8 /* Presenters */,
				34B1962C1E305AF2009587C8 /* Usecases */,
			);
			path = Authentications;
			sourceTree = "<group>";
		};
		34B1962C1E305AF2009587C8 /* Usecases */ = {
			isa = PBXGroup;
			children = (
				34B1962D1E305AFE009587C8 /* RegisterUserUsecase.swift */,
			);
			path = Usecases;
			sourceTree = "<group>";
		};
		34B1962F1E305B0D009587C8 /* Presenters */ = {
			isa = PBXGroup;
			children = (
				34B196301E305B1B009587C8 /* RegisterUserPresenter.swift */,
			);
			path = Presenters;
			sourceTree = "<group>";
		};
		34B196321E305B32009587C8 /* Mocks */ = {
			isa = PBXGroup;
			children = (
				341B092F1E3113D4009DFC9A /* Gateways */,
				34B196331E305B37009587C8 /* Presenters */,
			);
			path = Mocks;
			sourceTree = "<group>";
		};
		34B196331E305B37009587C8 /* Presenters */ = {
			isa = PBXGroup;
			children = (
				34B196341E305B43009587C8 /* RegisterUserPresenterStub.swift */,
			);
			path = Presenters;
			sourceTree = "<group>";
		};
/* End PBXGroup section */

/* Begin PBXNativeTarget section */
		3449A32E1E304A8D005A6755 /* Birthtalk */ = {
			isa = PBXNativeTarget;
			buildConfigurationList = 3449A34C1E304A8E005A6755 /* Build configuration list for PBXNativeTarget "Birthtalk" */;
			buildPhases = (
				3449A32B1E304A8D005A6755 /* Sources */,
				3449A32C1E304A8D005A6755 /* Frameworks */,
				3449A32D1E304A8D005A6755 /* Resources */,
				34B196291E30522A009587C8 /* Swift Lint */,
			);
			buildRules = (
			);
			dependencies = (
			);
			name = Birthtalk;
			productName = Birthtalk;
			productReference = 3449A32F1E304A8D005A6755 /* Birthtalk.app */;
			productType = "com.apple.product-type.application";
		};
		3449A3421E304A8D005A6755 /* BirthtalkTests */ = {
			isa = PBXNativeTarget;
			buildConfigurationList = 3449A34F1E304A8E005A6755 /* Build configuration list for PBXNativeTarget "BirthtalkTests" */;
			buildPhases = (
				3449A33F1E304A8D005A6755 /* Sources */,
				3449A3401E304A8D005A6755 /* Frameworks */,
				3449A3411E304A8D005A6755 /* Resources */,
			);
			buildRules = (
			);
			dependencies = (
				3449A3451E304A8D005A6755 /* PBXTargetDependency */,
			);
			name = BirthtalkTests;
			productName = BirthtalkTests;
			productReference = 3449A3431E304A8D005A6755 /* BirthtalkTests.xctest */;
			productType = "com.apple.product-type.bundle.unit-test";
		};
/* End PBXNativeTarget section */

/* Begin PBXProject section */
		3449A3271E304A8D005A6755 /* Project object */ = {
			isa = PBXProject;
			attributes = {
				LastSwiftUpdateCheck = 0820;
				LastUpgradeCheck = 0820;
				ORGANIZATIONNAME = "Ronan Rodrigo Nunes";
				TargetAttributes = {
					3449A32E1E304A8D005A6755 = {
						CreatedOnToolsVersion = 8.2.1;
						DevelopmentTeam = 2729VXDM4D;
						ProvisioningStyle = Automatic;
					};
					3449A3421E304A8D005A6755 = {
						CreatedOnToolsVersion = 8.2.1;
						DevelopmentTeam = 2729VXDM4D;
						LastSwiftMigration = 0820;
						ProvisioningStyle = Automatic;
						TestTargetID = 3449A32E1E304A8D005A6755;
					};
				};
			};
			buildConfigurationList = 3449A32A1E304A8D005A6755 /* Build configuration list for PBXProject "Birthtalk" */;
			compatibilityVersion = "Xcode 3.2";
			developmentRegion = English;
			hasScannedForEncodings = 0;
			knownRegions = (
				en,
				Base,
			);
			mainGroup = 3449A3261E304A8D005A6755;
			productRefGroup = 3449A3301E304A8D005A6755 /* Products */;
			projectDirPath = "";
			projectRoot = "";
			targets = (
				3449A32E1E304A8D005A6755 /* Birthtalk */,
				3449A3421E304A8D005A6755 /* BirthtalkTests */,
			);
		};
/* End PBXProject section */

/* Begin PBXResourcesBuildPhase section */
		3449A32D1E304A8D005A6755 /* Resources */ = {
			isa = PBXResourcesBuildPhase;
			buildActionMask = 2147483647;
			files = (
				3449A33D1E304A8D005A6755 /* LaunchScreen.storyboard in Resources */,
				3449A33A1E304A8D005A6755 /* Assets.xcassets in Resources */,
			);
			runOnlyForDeploymentPostprocessing = 0;
		};
		3449A3411E304A8D005A6755 /* Resources */ = {
			isa = PBXResourcesBuildPhase;
			buildActionMask = 2147483647;
			files = (
			);
			runOnlyForDeploymentPostprocessing = 0;
		};
/* End PBXResourcesBuildPhase section */

/* Begin PBXShellScriptBuildPhase section */
		34B196291E30522A009587C8 /* Swift Lint */ = {
			isa = PBXShellScriptBuildPhase;
			buildActionMask = 2147483647;
			files = (
			);
			inputPaths = (
			);
			name = "Swift Lint";
			outputPaths = (
			);
			runOnlyForDeploymentPostprocessing = 0;
			shellPath = /bin/sh;
			shellScript = "if [ \"$IGNORE_SWIFT_LINT\" == \"\" ]; then\n    if which swiftlint >/dev/null; then\n        swiftlint\n    else\n        echo \"warning: SwiftLint not installed!\"\n    fi\nfi";
		};
/* End PBXShellScriptBuildPhase section */

/* Begin PBXSourcesBuildPhase section */
		3449A32B1E304A8D005A6755 /* Sources */ = {
			isa = PBXSourcesBuildPhase;
			buildActionMask = 2147483647;
			files = (
				3406875A1E3178BC00B5B0E2 /* RequestError.swift in Sources */,
				3449A3331E304A8D005A6755 /* AppDelegate.swift in Sources */,
				340687551E31744500B5B0E2 /* RegisterErrors.swift in Sources */,
				341B09271E310EA6009DFC9A /* User.swift in Sources */,
				34B196311E305B1B009587C8 /* RegisterUserPresenter.swift in Sources */,
				340687581E31782D00B5B0E2 /* Result.swift in Sources */,
				341B092E1E311214009DFC9A /* AuthenticationGateway.swift in Sources */,
				34B1962E1E305AFE009587C8 /* RegisterUserUsecase.swift in Sources */,
			);
			runOnlyForDeploymentPostprocessing = 0;
		};
		3449A33F1E304A8D005A6755 /* Sources */ = {
			isa = PBXSourcesBuildPhase;
			buildActionMask = 2147483647;
			files = (
				34B196351E305B43009587C8 /* RegisterUserPresenterStub.swift in Sources */,
				3449A3581E304D36005A6755 /* RegisterUserUsecaseTests.swift in Sources */,
				341B09311E3113E3009DFC9A /* AuthenticationGatewayStub.swift in Sources */,
			);
			runOnlyForDeploymentPostprocessing = 0;
		};
/* End PBXSourcesBuildPhase section */

/* Begin PBXTargetDependency section */
		3449A3451E304A8D005A6755 /* PBXTargetDependency */ = {
			isa = PBXTargetDependency;
			target = 3449A32E1E304A8D005A6755 /* Birthtalk */;
			targetProxy = 3449A3441E304A8D005A6755 /* PBXContainerItemProxy */;
		};
/* End PBXTargetDependency section */

/* Begin PBXVariantGroup section */
		3449A33B1E304A8D005A6755 /* LaunchScreen.storyboard */ = {
			isa = PBXVariantGroup;
			children = (
				3449A33C1E304A8D005A6755 /* Base */,
			);
			name = LaunchScreen.storyboard;
			path = .;
			sourceTree = "<group>";
		};
/* End PBXVariantGroup section */

/* Begin XCBuildConfiguration section */
		3449A34A1E304A8E005A6755 /* Debug */ = {
			isa = XCBuildConfiguration;
			buildSettings = {
				ALWAYS_SEARCH_USER_PATHS = NO;
				CLANG_ANALYZER_NONNULL = YES;
				CLANG_CXX_LANGUAGE_STANDARD = "gnu++0x";
				CLANG_CXX_LIBRARY = "libc++";
				CLANG_ENABLE_MODULES = YES;
				CLANG_ENABLE_OBJC_ARC = YES;
				CLANG_WARN_BOOL_CONVERSION = YES;
				CLANG_WARN_CONSTANT_CONVERSION = YES;
				CLANG_WARN_DIRECT_OBJC_ISA_USAGE = YES_ERROR;
				CLANG_WARN_DOCUMENTATION_COMMENTS = YES;
				CLANG_WARN_EMPTY_BODY = YES;
				CLANG_WARN_ENUM_CONVERSION = YES;
				CLANG_WARN_INFINITE_RECURSION = YES;
				CLANG_WARN_INT_CONVERSION = YES;
				CLANG_WARN_OBJC_ROOT_CLASS = YES_ERROR;
				CLANG_WARN_SUSPICIOUS_MOVE = YES;
				CLANG_WARN_UNREACHABLE_CODE = YES;
				CLANG_WARN__DUPLICATE_METHOD_MATCH = YES;
				"CODE_SIGN_IDENTITY[sdk=iphoneos*]" = "iPhone Developer";
				COPY_PHASE_STRIP = NO;
				DEBUG_INFORMATION_FORMAT = dwarf;
				ENABLE_STRICT_OBJC_MSGSEND = YES;
				ENABLE_TESTABILITY = YES;
				GCC_C_LANGUAGE_STANDARD = gnu99;
				GCC_DYNAMIC_NO_PIC = NO;
				GCC_NO_COMMON_BLOCKS = YES;
				GCC_OPTIMIZATION_LEVEL = 0;
				GCC_PREPROCESSOR_DEFINITIONS = (
					"DEBUG=1",
					"$(inherited)",
				);
				GCC_WARN_64_TO_32_BIT_CONVERSION = YES;
				GCC_WARN_ABOUT_RETURN_TYPE = YES_ERROR;
				GCC_WARN_UNDECLARED_SELECTOR = YES;
				GCC_WARN_UNINITIALIZED_AUTOS = YES_AGGRESSIVE;
				GCC_WARN_UNUSED_FUNCTION = YES;
				GCC_WARN_UNUSED_VARIABLE = YES;
				IPHONEOS_DEPLOYMENT_TARGET = 10.2;
				MTL_ENABLE_DEBUG_INFO = YES;
				ONLY_ACTIVE_ARCH = YES;
				SDKROOT = iphoneos;
				SWIFT_ACTIVE_COMPILATION_CONDITIONS = DEBUG;
				SWIFT_OPTIMIZATION_LEVEL = "-Onone";
				TARGETED_DEVICE_FAMILY = "1,2";
			};
			name = Debug;
		};
		3449A34B1E304A8E005A6755 /* Release */ = {
			isa = XCBuildConfiguration;
			buildSettings = {
				ALWAYS_SEARCH_USER_PATHS = NO;
				CLANG_ANALYZER_NONNULL = YES;
				CLANG_CXX_LANGUAGE_STANDARD = "gnu++0x";
				CLANG_CXX_LIBRARY = "libc++";
				CLANG_ENABLE_MODULES = YES;
				CLANG_ENABLE_OBJC_ARC = YES;
				CLANG_WARN_BOOL_CONVERSION = YES;
				CLANG_WARN_CONSTANT_CONVERSION = YES;
				CLANG_WARN_DIRECT_OBJC_ISA_USAGE = YES_ERROR;
				CLANG_WARN_DOCUMENTATION_COMMENTS = YES;
				CLANG_WARN_EMPTY_BODY = YES;
				CLANG_WARN_ENUM_CONVERSION = YES;
				CLANG_WARN_INFINITE_RECURSION = YES;
				CLANG_WARN_INT_CONVERSION = YES;
				CLANG_WARN_OBJC_ROOT_CLASS = YES_ERROR;
				CLANG_WARN_SUSPICIOUS_MOVE = YES;
				CLANG_WARN_UNREACHABLE_CODE = YES;
				CLANG_WARN__DUPLICATE_METHOD_MATCH = YES;
				"CODE_SIGN_IDENTITY[sdk=iphoneos*]" = "iPhone Developer";
				COPY_PHASE_STRIP = NO;
				DEBUG_INFORMATION_FORMAT = "dwarf-with-dsym";
				ENABLE_NS_ASSERTIONS = NO;
				ENABLE_STRICT_OBJC_MSGSEND = YES;
				GCC_C_LANGUAGE_STANDARD = gnu99;
				GCC_NO_COMMON_BLOCKS = YES;
				GCC_WARN_64_TO_32_BIT_CONVERSION = YES;
				GCC_WARN_ABOUT_RETURN_TYPE = YES_ERROR;
				GCC_WARN_UNDECLARED_SELECTOR = YES;
				GCC_WARN_UNINITIALIZED_AUTOS = YES_AGGRESSIVE;
				GCC_WARN_UNUSED_FUNCTION = YES;
				GCC_WARN_UNUSED_VARIABLE = YES;
				IPHONEOS_DEPLOYMENT_TARGET = 10.2;
				MTL_ENABLE_DEBUG_INFO = NO;
				SDKROOT = iphoneos;
				SWIFT_OPTIMIZATION_LEVEL = "-Owholemodule";
				TARGETED_DEVICE_FAMILY = "1,2";
				VALIDATE_PRODUCT = YES;
			};
			name = Release;
		};
		3449A34D1E304A8E005A6755 /* Debug */ = {
			isa = XCBuildConfiguration;
			buildSettings = {
				ASSETCATALOG_COMPILER_APPICON_NAME = AppIcon;
				"CODE_SIGN_IDENTITY[sdk=iphoneos*]" = "iPhone Developer";
				DEVELOPMENT_TEAM = 2729VXDM4D;
				INFOPLIST_FILE = Birthtalk/Base/Info.plist;
				LD_RUNPATH_SEARCH_PATHS = "$(inherited) @executable_path/Frameworks";
				PRODUCT_BUNDLE_IDENTIFIER = io.github.ronanrodrigo.birthtalk;
				PRODUCT_NAME = "$(TARGET_NAME)";
				SWIFT_VERSION = 3.0;
			};
			name = Debug;
		};
		3449A34E1E304A8E005A6755 /* Release */ = {
			isa = XCBuildConfiguration;
			buildSettings = {
				ASSETCATALOG_COMPILER_APPICON_NAME = AppIcon;
				"CODE_SIGN_IDENTITY[sdk=iphoneos*]" = "iPhone Developer";
				DEVELOPMENT_TEAM = 2729VXDM4D;
				INFOPLIST_FILE = Birthtalk/Base/Info.plist;
				LD_RUNPATH_SEARCH_PATHS = "$(inherited) @executable_path/Frameworks";
				PRODUCT_BUNDLE_IDENTIFIER = io.github.ronanrodrigo.birthtalk;
				PRODUCT_NAME = "$(TARGET_NAME)";
				SWIFT_VERSION = 3.0;
			};
			name = Release;
		};
		3449A3501E304A8E005A6755 /* Debug */ = {
			isa = XCBuildConfiguration;
			buildSettings = {
				ALWAYS_EMBED_SWIFT_STANDARD_LIBRARIES = YES;
				BUNDLE_LOADER = "$(TEST_HOST)";
				CLANG_ENABLE_MODULES = YES;
				DEVELOPMENT_TEAM = 2729VXDM4D;
				INFOPLIST_FILE = BirthtalkTests/Base/Info.plist;
				LD_RUNPATH_SEARCH_PATHS = "$(inherited) @executable_path/Frameworks @loader_path/Frameworks";
				PRODUCT_BUNDLE_IDENTIFIER = io.github.ronanrodrigo.BirthtalkTests;
				PRODUCT_NAME = "$(TARGET_NAME)";
				SWIFT_OPTIMIZATION_LEVEL = "-Onone";
				SWIFT_VERSION = 3.0;
				TEST_HOST = "$(BUILT_PRODUCTS_DIR)/Birthtalk.app/Birthtalk";
			};
			name = Debug;
		};
		3449A3511E304A8E005A6755 /* Release */ = {
			isa = XCBuildConfiguration;
			buildSettings = {
				ALWAYS_EMBED_SWIFT_STANDARD_LIBRARIES = YES;
				BUNDLE_LOADER = "$(TEST_HOST)";
				CLANG_ENABLE_MODULES = YES;
				DEVELOPMENT_TEAM = 2729VXDM4D;
				INFOPLIST_FILE = BirthtalkTests/Base/Info.plist;
				LD_RUNPATH_SEARCH_PATHS = "$(inherited) @executable_path/Frameworks @loader_path/Frameworks";
				PRODUCT_BUNDLE_IDENTIFIER = io.github.ronanrodrigo.BirthtalkTests;
				PRODUCT_NAME = "$(TARGET_NAME)";
				SWIFT_VERSION = 3.0;
				TEST_HOST = "$(BUILT_PRODUCTS_DIR)/Birthtalk.app/Birthtalk";
			};
			name = Release;
		};
/* End XCBuildConfiguration section */

/* Begin XCConfigurationList section */
		3449A32A1E304A8D005A6755 /* Build configuration list for PBXProject "Birthtalk" */ = {
			isa = XCConfigurationList;
			buildConfigurations = (
				3449A34A1E304A8E005A6755 /* Debug */,
				3449A34B1E304A8E005A6755 /* Release */,
			);
			defaultConfigurationIsVisible = 0;
			defaultConfigurationName = Release;
		};
		3449A34C1E304A8E005A6755 /* Build configuration list for PBXNativeTarget "Birthtalk" */ = {
			isa = XCConfigurationList;
			buildConfigurations = (
				3449A34D1E304A8E005A6755 /* Debug */,
				3449A34E1E304A8E005A6755 /* Release */,
			);
			defaultConfigurationIsVisible = 0;
			defaultConfigurationName = Release;
		};
		3449A34F1E304A8E005A6755 /* Build configuration list for PBXNativeTarget "BirthtalkTests" */ = {
			isa = XCConfigurationList;
			buildConfigurations = (
				3449A3501E304A8E005A6755 /* Debug */,
				3449A3511E304A8E005A6755 /* Release */,
			);
			defaultConfigurationIsVisible = 0;
			defaultConfigurationName = Release;
		};
/* End XCConfigurationList section */
	};
	rootObject = 3449A3271E304A8D005A6755 /* Project object */;
}
